NeoBundleLock neobundle.vim 6bf4fa1cf3cebfed76f5e300949faef0b78fbfbc
NeoBundleLock neomru.vim e86ebb07c3498e81b13a195330831eb845555633
NeoBundleLock neosnippet-snippets 116fa4fd01e22b581fa6936914b97720463f14b6
NeoBundleLock neosnippet.vim ce3c3d209c38a6d87bbf1408d293e179f95e7bb8
NeoBundleLock nerdtree 35c859179da4ad4f96eb8255e428904436a0b4b4
NeoBundleLock open-browser.vim e2bfabfc758351ee3087d4c697d1953660d943ee
NeoBundleLock powerline d77cc30a3be26cf34411af70c5e2b595eef2d46d
NeoBundleLock previm 228bc8a843bb6f0b3123d757a26153f8a10cb002
NeoBundleLock syntastic 579faffabfbbb3ae54fa45c755d5ea02390018c1
NeoBundleLock tcomment_vim 7c4277754b6b77fb80b47cd4a7384d1e2d6c1538
NeoBundleLock unite.vim 7ae5ee37578349c32d542d3d43f053455b72daf4
NeoBundleLock vim-go d2f22ba3d53379b14daee41b75dfb5a9ba0ae5be
NeoBundleLock vim-indent-guides 018298ead9d3aa9cd3b4ae222f81022a33978b09
NeoBundleLock vim-markdown f06efe01b7e7228715e84ad7ec5c7d8be9fdd6d7
NeoBundleLock vim-trailing-whitespace 733fb64337b6da4a51c85a43450cd620d8b617b5
NeoBundleLock vimshell 3787e52766812d8b99a93ccdda57517bc2a0bab6
